
Microsoft Visual Studio Solution File, Format Version 11.00
# Visual Studio 2010
Project("{FAE04EC0-301F-11D3-BF4B-00C04F79EFBC}") = "EnergyMailReger", "EnergyMailReger\EnergyMailReger.csproj", "{660032E8-0C6A-4DBE-8EB4-6B30CE18E47B}"
EndProject
Global
	GlobalSection(SolutionConfigurationPlatforms) = preSolution
		Debug|x86 = Debug|x86
		Release|x86 = Release|x86
	EndGlobalSection
	GlobalSection(ProjectConfigurationPlatforms) = postSolution
		{660032E8-0C6A-4DBE-8EB4-6B30CE18E47B}.Debug|x86.ActiveCfg = Debug|x86
		{660032E8-0C6A-4DBE-8EB4-6B30CE18E47B}.Debug|x86.Build.0 = Debug|x86
		{660032E8-0C6A-4DBE-8EB4-6B30CE18E47B}.Release|x86.ActiveCfg = Release|x86
		{660032E8-0C6A-4DBE-8EB4-6B30CE18E47B}.Release|x86.Build.0 = Release|x86
	EndGlobalSection
	GlobalSection(SolutionProperties) = preSolution
		HideSolutionNode = FALSE
	EndGlobalSection
EndGlobal
