
Microsoft Visual Studio Solution File, Format Version 11.00
# Visual Studio 2010
Project("{FAE04EC0-301F-11D3-BF4B-00C04F79EFBC}") = "EnergyMailSMTPServer", "EnergyMailSMTPServer\EnergyMailSMTPServer.csproj", "{7149B22A-9545-4848-BE58-694F2482E4FB}"
EndProject
Global
	GlobalSection(SolutionConfigurationPlatforms) = preSolution
		Debug|x86 = Debug|x86
		Release|x86 = Release|x86
	EndGlobalSection
	GlobalSection(ProjectConfigurationPlatforms) = postSolution
		{7149B22A-9545-4848-BE58-694F2482E4FB}.Debug|x86.ActiveCfg = Debug|x86
		{7149B22A-9545-4848-BE58-694F2482E4FB}.Debug|x86.Build.0 = Debug|x86
		{7149B22A-9545-4848-BE58-694F2482E4FB}.Release|x86.ActiveCfg = Release|x86
		{7149B22A-9545-4848-BE58-694F2482E4FB}.Release|x86.Build.0 = Release|x86
	EndGlobalSection
	GlobalSection(SolutionProperties) = preSolution
		HideSolutionNode = FALSE
	EndGlobalSection
EndGlobal
